<?xml version="1.0" encoding="UTF-8"?>
<Scheme
   LastUpgradeVersion = "2600"
   version = "1.7">
   <BuildAction
      parallelizeBuildables = "YES"
      buildImplicitDependencies = "YES"
      buildArchitectures = "Automatic">
      <BuildActionEntries>
         <BuildActionEntry
            buildForTesting = "YES"
            buildForRunning = "YES"
            buildForProfiling = "YES"
            buildForArchiving = "YES"
            buildForAnalyzing = "YES">
            <BuildableReference
               BuildableIdentifier = "primary"
               BlueprintIdentifier = "DBC980852E831C8B00E24A9E"
               BuildableName = "RecipeGenie.app"
               BlueprintName = "RecipeGenie"
               ReferencedContainer = "container:RecipeGenie.xcodeproj">
            </BuildableReference>
         </BuildActionEntry>
      </BuildActionEntries>
   </BuildAction>
   <TestAction
      buildConfiguration = "Debug"
      selectedDebuggerIdentifier = "Xcode.DebuggerFoundation.Debugger.LLDB"
      selectedLauncherIdentifier = "Xcode.DebuggerFoundation.Launcher.LLDB"
      shouldUseLaunchSchemeArgsEnv = "YES"
      shouldAutocreateTestPlan = "YES">
      <Testables>
         <TestableReference
            skipped = "NO"
            parallelizable = "YES">
            <BuildableReference
               BuildableIdentifier = "primary"
               BlueprintIdentifier = "DBC980942E831C8E00E24A9E"
               BuildableName = "RecipeGenieTests.xctest"
               BlueprintName = "RecipeGenieTests"
               ReferencedContainer = "container:RecipeGenie.xcodeproj">
            </BuildableReference>
         </TestableReference>
         <TestableReference
            skipped = "NO"
            parallelizable = "YES">
            <BuildableReference
               BuildableIdentifier = "primary"
               BlueprintIdentifier = "DBC9809E2E831C8E00E24A9E"
               BuildableName = "RecipeGenieUITests.xctest"
               BlueprintName = "RecipeGenieUITests"
               ReferencedContainer = "container:RecipeGenie.xcodeproj">
            </BuildableReference>
         </TestableReference>
      </Testables>
   </TestAction>
   <LaunchAction
      buildConfiguration = "Debug"
      selectedDebuggerIdentifier = "Xcode.DebuggerFoundation.Debugger.LLDB"
      selectedLauncherIdentifier = "Xcode.DebuggerFoundation.Launcher.LLDB"
      launchStyle = "0"
      useCustomWorkingDirectory = "NO"
      ignoresPersistentStateOnLaunch = "NO"
      debugDocumentVersioning = "YES"
      debugServiceExtension = "internal"
      allowLocationSimulation = "YES">
      <BuildableProductRunnable
         runnableDebuggingMode = "0">
         <BuildableReference
            BuildableIdentifier = "primary"
            BlueprintIdentifier = "DBC980852E831C8B00E24A9E"
            BuildableName = "RecipeGenie.app"
            BlueprintName = "RecipeGenie"
            ReferencedContainer = "container:RecipeGenie.xcodeproj">
         </BuildableReference>
      </BuildableProductRunnable>
      <EnvironmentVariables>
         <EnvironmentVariable
            key = "GEMINI_API_KEY"
            value = "AIzaSyBWrkGLCfAsOtgsToceV6sV_Iudf6b4lS0"
            isEnabled = "YES">
         </EnvironmentVariable>
         <EnvironmentVariable
            key = "SUPABASE_URL"
            value = "https://kdsojiiimirphrwyxtzu.supabase.co"
            isEnabled = "YES">
         </EnvironmentVariable>
         <EnvironmentVariable
            key = "SUPABASE_KEY"
            value = "eyJhbGciOiJIUzI1NiIsInR5cCI6IkpXVCJ9.eyJpc3MiOiJzdXBhYmFzZSIsInJlZiI6Imtkc29qaWlpbWlycGhyd3l4dHp1Iiwicm9sZSI6ImFub24iLCJpYXQiOjE3NTg0MTc1NTcsImV4cCI6MjA3Mzk5MzU1N30.UEfnwqzT3YNR0f10pLE8jTNjDTudEpXmI8Z1j0znUfo"
            isEnabled = "YES">
         </EnvironmentVariable>
      </EnvironmentVariables>
   </LaunchAction>
   <ProfileAction
      buildConfiguration = "Release"
      shouldUseLaunchSchemeArgsEnv = "YES"
      savedToolIdentifier = ""
      useCustomWorkingDirectory = "NO"
      debugDocumentVersioning = "YES">
      <BuildableProductRunnable
         runnableDebuggingMode = "0">
         <BuildableReference
            BuildableIdentifier = "primary"
            BlueprintIdentifier = "DBC980852E831C8B00E24A9E"
            BuildableName = "RecipeGenie.app"
            BlueprintName = "RecipeGenie"
            ReferencedContainer = "container:RecipeGenie.xcodeproj">
         </BuildableReference>
      </BuildableProductRunnable>
   </ProfileAction>
   <AnalyzeAction
      buildConfiguration = "Debug">
   </AnalyzeAction>
   <ArchiveAction
      buildConfiguration = "Release"
      revealArchiveInOrganizer = "YES">
   </ArchiveAction>
</Scheme>
